<Solution>
  <Project Path="Billiards Club/Billiards Club.csproj" />
  <Project Path="BilliardsBusinessLayer/BilliardsBusinessLayer.csproj" />
  <Project Path="BilliardsDataAccessLayer/BilliardsDataAccessLayer.csproj" />
  <Project Path="SharedUtils/SharedUtils.csproj" Id="958b2f32-1ba4-4911-8e76-ebb20172012f" />
</Solution>
